
Microsoft Visual Studio Solution File, Format Version 12.00
# Visual Studio 15
VisualStudioVersion = 15.0.27703.2042
MinimumVisualStudioVersion = 10.0.40219.1
Project("{FAE04EC0-301F-11D3-BF4B-00C04F79EFBC}") = "MetallicBatteries", "MetallicBatteries.csproj", "{D255390B-0B0D-4462-9529-9FEBEABAC09A}"
EndProject
Global
	GlobalSection(SolutionConfigurationPlatforms) = preSolution
		Debug|Any CPU = Debug|Any CPU
		Release|Any CPU = Release|Any CPU
	EndGlobalSection
	GlobalSection(ProjectConfigurationPlatforms) = postSolution
		{D255390B-0B0D-4462-9529-9FEBEABAC09A}.Debug|Any CPU.ActiveCfg = Debug|Any CPU
		{D255390B-0B0D-4462-9529-9FEBEABAC09A}.Debug|Any CPU.Build.0 = Debug|Any CPU
		{D255390B-0B0D-4462-9529-9FEBEABAC09A}.Release|Any CPU.ActiveCfg = Release|Any CPU
		{D255390B-0B0D-4462-9529-9FEBEABAC09A}.Release|Any CPU.Build.0 = Release|Any CPU
	EndGlobalSection
	GlobalSection(SolutionProperties) = preSolution
		HideSolutionNode = FALSE
	EndGlobalSection
	GlobalSection(ExtensibilityGlobals) = postSolution
		SolutionGuid = {CCD320AB-8F23-40D6-A0F2-8FB0A89C2D0E}
	EndGlobalSection
EndGlobal
