
Microsoft Visual Studio Solution File, Format Version 12.00
# Visual Studio Version 16
VisualStudioVersion = 16.0.31515.178
MinimumVisualStudioVersion = 10.0.40219.1
Project("{FAE04EC0-301F-11D3-BF4B-00C04F79EFBC}") = "MetallicBatteries", "MetallicBatteries.csproj", "{D255390B-0B0D-4462-9529-9FEBEABAC09A}"
EndProject
Global
	GlobalSection(SolutionConfigurationPlatforms) = preSolution
		V11|Any CPU = V11|Any CPU
		V12|Any CPU = V12|Any CPU
		V13|Any CPU = V13|Any CPU
	EndGlobalSection
	GlobalSection(ProjectConfigurationPlatforms) = postSolution
		{D255390B-0B0D-4462-9529-9FEBEABAC09A}.V11|Any CPU.ActiveCfg = V11|Any CPU
		{D255390B-0B0D-4462-9529-9FEBEABAC09A}.V11|Any CPU.Build.0 = V11|Any CPU
		{D255390B-0B0D-4462-9529-9FEBEABAC09A}.V12|Any CPU.ActiveCfg = V12|Any CPU
		{D255390B-0B0D-4462-9529-9FEBEABAC09A}.V12|Any CPU.Build.0 = V12|Any CPU
		{D255390B-0B0D-4462-9529-9FEBEABAC09A}.V13|Any CPU.ActiveCfg = V13|Any CPU
		{D255390B-0B0D-4462-9529-9FEBEABAC09A}.V13|Any CPU.Build.0 = V13|Any CPU
	EndGlobalSection
	GlobalSection(SolutionProperties) = preSolution
		HideSolutionNode = FALSE
	EndGlobalSection
	GlobalSection(ExtensibilityGlobals) = postSolution
		SolutionGuid = {CCD320AB-8F23-40D6-A0F2-8FB0A89C2D0E}
	EndGlobalSection
EndGlobal
